
Microsoft Visual Studio Solution File, Format Version 12.00
# Visual Studio 15
Project("{FAE04EC0-301F-11D3-BF4B-00C04F79EFBC}") = "Unity.Timeline", "Unity.Timeline.csproj", "{A09772E3-46BC-56BB-E533-789A06385230}"
EndProject
Project("{FAE04EC0-301F-11D3-BF4B-00C04F79EFBC}") = "Unity.Timeline.Editor", "Unity.Timeline.Editor.csproj", "{C43E639D-F565-693B-A04B-BEAE441B14DA}"
EndProject
Project("{FAE04EC0-301F-11D3-BF4B-00C04F79EFBC}") = "Unity.TextMeshPro.Editor", "Unity.TextMeshPro.Editor.csproj", "{A62CEA5A-71D5-983C-71B7-FC3C94B06BC3}"
EndProject
Project("{FAE04EC0-301F-11D3-BF4B-00C04F79EFBC}") = "Unity.VisualScripting.Flow", "Unity.VisualScripting.Flow.csproj", "{1F81FDBC-CB60-1B60-5479-E21900B2102A}"
EndProject
Project("{FAE04EC0-301F-11D3-BF4B-00C04F79EFBC}") = "UnityEditor.UI", "UnityEditor.UI.csproj", "{867099EF-60F7-7413-C0CF-6D80A0646C13}"
EndProject
Project("{FAE04EC0-301F-11D3-BF4B-00C04F79EFBC}") = "Unity.PlasticSCM.Editor", "Unity.PlasticSCM.Editor.csproj", "{9D3CCC76-69E8-BC1F-5E91-12B872CB8375}"
EndProject
Project("{FAE04EC0-301F-11D3-BF4B-00C04F79EFBC}") = "Unity.VisualScripting.Core", "Unity.VisualScripting.Core.csproj", "{9C106323-BAA6-CF53-9622-DC88A465A21E}"
EndProject
Project("{FAE04EC0-301F-11D3-BF4B-00C04F79EFBC}") = "Unity.VisualScripting.Core.Editor", "Unity.VisualScripting.Core.Editor.csproj", "{8B2F153B-65C2-8A0D-91FA-367F6C74FE09}"
EndProject
Project("{FAE04EC0-301F-11D3-BF4B-00C04F79EFBC}") = "Unity.VisualScripting.Flow.Editor", "Unity.VisualScripting.Flow.Editor.csproj", "{590424C6-055A-BB6E-91EC-BB90C3104220}"
EndProject
Project("{FAE04EC0-301F-11D3-BF4B-00C04F79EFBC}") = "UnityEditor.TestRunner", "UnityEditor.TestRunner.csproj", "{FE534045-17A2-BE5A-FDD0-0C4BE4914D99}"
EndProject
Project("{FAE04EC0-301F-11D3-BF4B-00C04F79EFBC}") = "Unity.VisualScripting.SettingsProvider.Editor", "Unity.VisualScripting.SettingsProvider.Editor.csproj", "{055FA35A-390F-4C25-8C81-E67D783B65F3}"
EndProject
Project("{FAE04EC0-301F-11D3-BF4B-00C04F79EFBC}") = "UnityEngine.TestRunner", "UnityEngine.TestRunner.csproj", "{E66978B7-033A-77FA-95FE-6BD4365CAD39}"
EndProject
Project("{FAE04EC0-301F-11D3-BF4B-00C04F79EFBC}") = "UnityEngine.UI", "UnityEngine.UI.csproj", "{56BA7A01-DC9E-E702-3AE2-175AAE584210}"
EndProject
Project("{FAE04EC0-301F-11D3-BF4B-00C04F79EFBC}") = "Unity.VisualStudio.Editor", "Unity.VisualStudio.Editor.csproj", "{A52324BC-92DF-D6E7-67B7-A291F4A1A4C6}"
EndProject
Project("{FAE04EC0-301F-11D3-BF4B-00C04F79EFBC}") = "Unity.TestTools.CodeCoverage.Editor.OpenCover.Model", "Unity.TestTools.CodeCoverage.Editor.OpenCover.Model.csproj", "{8E132627-8982-5688-BEC6-A4592A927C89}"
EndProject
Project("{FAE04EC0-301F-11D3-BF4B-00C04F79EFBC}") = "Unity.Rider.Editor", "Unity.Rider.Editor.csproj", "{577F8652-2366-2AA7-F8FB-F0233835BA0C}"
EndProject
Project("{FAE04EC0-301F-11D3-BF4B-00C04F79EFBC}") = "Unity.VisualScripting.State.Editor", "Unity.VisualScripting.State.Editor.csproj", "{984B007B-8A53-FF5D-A6BB-FBCF4FBA82F9}"
EndProject
Project("{FAE04EC0-301F-11D3-BF4B-00C04F79EFBC}") = "Unity.TestTools.CodeCoverage.Editor", "Unity.TestTools.CodeCoverage.Editor.csproj", "{4E4CE650-9883-4342-1FD6-7530AE94FF01}"
EndProject
Project("{FAE04EC0-301F-11D3-BF4B-00C04F79EFBC}") = "Unity.VisualScripting.State", "Unity.VisualScripting.State.csproj", "{BACB4E85-D121-A946-9029-3069A54E3521}"
EndProject
Project("{FAE04EC0-301F-11D3-BF4B-00C04F79EFBC}") = "Unity.TextMeshPro", "Unity.TextMeshPro.csproj", "{3A7DF736-A3D2-3C56-E866-B7CB23F90F04}"
EndProject
Project("{FAE04EC0-301F-11D3-BF4B-00C04F79EFBC}") = "Unity.Performance.Profile-Analyzer.Editor", "Unity.Performance.Profile-Analyzer.Editor.csproj", "{122B3DB4-E4D0-BE48-F814-B54A831D3A5C}"
EndProject
Project("{FAE04EC0-301F-11D3-BF4B-00C04F79EFBC}") = "Unity.VSCode.Editor", "Unity.VSCode.Editor.csproj", "{7BF01CB0-0614-606B-CBA6-A1DC7E534D39}"
EndProject
Project("{FAE04EC0-301F-11D3-BF4B-00C04F79EFBC}") = "Assembly-CSharp", "Assembly-CSharp.csproj", "{39A98AF0-A00A-65DE-9500-0ABDDA1257E8}"
EndProject
Project("{FAE04EC0-301F-11D3-BF4B-00C04F79EFBC}") = "Unity.TestTools.CodeCoverage.Editor.OpenCover.Mono.Reflection", "Unity.TestTools.CodeCoverage.Editor.OpenCover.Mono.Reflection.csproj", "{A053C922-C830-755D-8F90-D12CDAE2A396}"
EndProject
Project("{FAE04EC0-301F-11D3-BF4B-00C04F79EFBC}") = "Unity.Settings.Editor", "Unity.Settings.Editor.csproj", "{91E302F6-4099-1F93-7C19-E46BA8C044D6}"
EndProject
Project("{FAE04EC0-301F-11D3-BF4B-00C04F79EFBC}") = "Unity.EditorCoroutines.Editor", "Unity.EditorCoroutines.Editor.csproj", "{D189FE6D-6A5F-4349-56B9-B3DE46D455BD}"
EndProject
Project("{FAE04EC0-301F-11D3-BF4B-00C04F79EFBC}") = "Unity.VisualScripting.Shared.Editor", "Unity.VisualScripting.Shared.Editor.csproj", "{31AC1F6E-8521-4107-7310-8C9C96E0F47D}"
EndProject
Project("{FAE04EC0-301F-11D3-BF4B-00C04F79EFBC}") = "Unity.CollabProxy.Editor", "Unity.CollabProxy.Editor.csproj", "{39D3DEDF-A4EC-18DC-DC77-5AB6D6054A64}"
EndProject
Global
	GlobalSection(SolutionConfigurationPlatforms) = preSolution
		Debug|Any CPU = Debug|Any CPU
		Release|Any CPU = Release|Any CPU
	EndGlobalSection
	GlobalSection(ProjectConfigurationPlatforms) = postSolution
		{A09772E3-46BC-56BB-E533-789A06385230}.Debug|Any CPU.ActiveCfg = Debug|Any CPU
		{A09772E3-46BC-56BB-E533-789A06385230}.Debug|Any CPU.Build.0 = Debug|Any CPU
		{A09772E3-46BC-56BB-E533-789A06385230}.Release|Any CPU.ActiveCfg = Release|Any CPU
		{A09772E3-46BC-56BB-E533-789A06385230}.Release|Any CPU.Build.0 = Release|Any CPU
		{C43E639D-F565-693B-A04B-BEAE441B14DA}.Debug|Any CPU.ActiveCfg = Debug|Any CPU
		{C43E639D-F565-693B-A04B-BEAE441B14DA}.Debug|Any CPU.Build.0 = Debug|Any CPU
		{C43E639D-F565-693B-A04B-BEAE441B14DA}.Release|Any CPU.ActiveCfg = Release|Any CPU
		{C43E639D-F565-693B-A04B-BEAE441B14DA}.Release|Any CPU.Build.0 = Release|Any CPU
		{A62CEA5A-71D5-983C-71B7-FC3C94B06BC3}.Debug|Any CPU.ActiveCfg = Debug|Any CPU
		{A62CEA5A-71D5-983C-71B7-FC3C94B06BC3}.Debug|Any CPU.Build.0 = Debug|Any CPU
		{A62CEA5A-71D5-983C-71B7-FC3C94B06BC3}.Release|Any CPU.ActiveCfg = Release|Any CPU
		{A62CEA5A-71D5-983C-71B7-FC3C94B06BC3}.Release|Any CPU.Build.0 = Release|Any CPU
		{1F81FDBC-CB60-1B60-5479-E21900B2102A}.Debug|Any CPU.ActiveCfg = Debug|Any CPU
		{1F81FDBC-CB60-1B60-5479-E21900B2102A}.Debug|Any CPU.Build.0 = Debug|Any CPU
		{1F81FDBC-CB60-1B60-5479-E21900B2102A}.Release|Any CPU.ActiveCfg = Release|Any CPU
		{1F81FDBC-CB60-1B60-5479-E21900B2102A}.Release|Any CPU.Build.0 = Release|Any CPU
		{867099EF-60F7-7413-C0CF-6D80A0646C13}.Debug|Any CPU.ActiveCfg = Debug|Any CPU
		{867099EF-60F7-7413-C0CF-6D80A0646C13}.Debug|Any CPU.Build.0 = Debug|Any CPU
		{867099EF-60F7-7413-C0CF-6D80A0646C13}.Release|Any CPU.ActiveCfg = Release|Any CPU
		{867099EF-60F7-7413-C0CF-6D80A0646C13}.Release|Any CPU.Build.0 = Release|Any CPU
		{9D3CCC76-69E8-BC1F-5E91-12B872CB8375}.Debug|Any CPU.ActiveCfg = Debug|Any CPU
		{9D3CCC76-69E8-BC1F-5E91-12B872CB8375}.Debug|Any CPU.Build.0 = Debug|Any CPU
		{9D3CCC76-69E8-BC1F-5E91-12B872CB8375}.Release|Any CPU.ActiveCfg = Release|Any CPU
		{9D3CCC76-69E8-BC1F-5E91-12B872CB8375}.Release|Any CPU.Build.0 = Release|Any CPU
		{9C106323-BAA6-CF53-9622-DC88A465A21E}.Debug|Any CPU.ActiveCfg = Debug|Any CPU
		{9C106323-BAA6-CF53-9622-DC88A465A21E}.Debug|Any CPU.Build.0 = Debug|Any CPU
		{9C106323-BAA6-CF53-9622-DC88A465A21E}.Release|Any CPU.ActiveCfg = Release|Any CPU
		{9C106323-BAA6-CF53-9622-DC88A465A21E}.Release|Any CPU.Build.0 = Release|Any CPU
		{8B2F153B-65C2-8A0D-91FA-367F6C74FE09}.Debug|Any CPU.ActiveCfg = Debug|Any CPU
		{8B2F153B-65C2-8A0D-91FA-367F6C74FE09}.Debug|Any CPU.Build.0 = Debug|Any CPU
		{8B2F153B-65C2-8A0D-91FA-367F6C74FE09}.Release|Any CPU.ActiveCfg = Release|Any CPU
		{8B2F153B-65C2-8A0D-91FA-367F6C74FE09}.Release|Any CPU.Build.0 = Release|Any CPU
		{590424C6-055A-BB6E-91EC-BB90C3104220}.Debug|Any CPU.ActiveCfg = Debug|Any CPU
		{590424C6-055A-BB6E-91EC-BB90C3104220}.Debug|Any CPU.Build.0 = Debug|Any CPU
		{590424C6-055A-BB6E-91EC-BB90C3104220}.Release|Any CPU.ActiveCfg = Release|Any CPU
		{590424C6-055A-BB6E-91EC-BB90C3104220}.Release|Any CPU.Build.0 = Release|Any CPU
		{FE534045-17A2-BE5A-FDD0-0C4BE4914D99}.Debug|Any CPU.ActiveCfg = Debug|Any CPU
		{FE534045-17A2-BE5A-FDD0-0C4BE4914D99}.Debug|Any CPU.Build.0 = Debug|Any CPU
		{FE534045-17A2-BE5A-FDD0-0C4BE4914D99}.Release|Any CPU.ActiveCfg = Release|Any CPU
		{FE534045-17A2-BE5A-FDD0-0C4BE4914D99}.Release|Any CPU.Build.0 = Release|Any CPU
		{055FA35A-390F-4C25-8C81-E67D783B65F3}.Debug|Any CPU.ActiveCfg = Debug|Any CPU
		{055FA35A-390F-4C25-8C81-E67D783B65F3}.Debug|Any CPU.Build.0 = Debug|Any CPU
		{055FA35A-390F-4C25-8C81-E67D783B65F3}.Release|Any CPU.ActiveCfg = Release|Any CPU
		{055FA35A-390F-4C25-8C81-E67D783B65F3}.Release|Any CPU.Build.0 = Release|Any CPU
		{E66978B7-033A-77FA-95FE-6BD4365CAD39}.Debug|Any CPU.ActiveCfg = Debug|Any CPU
		{E66978B7-033A-77FA-95FE-6BD4365CAD39}.Debug|Any CPU.Build.0 = Debug|Any CPU
		{E66978B7-033A-77FA-95FE-6BD4365CAD39}.Release|Any CPU.ActiveCfg = Release|Any CPU
		{E66978B7-033A-77FA-95FE-6BD4365CAD39}.Release|Any CPU.Build.0 = Release|Any CPU
		{56BA7A01-DC9E-E702-3AE2-175AAE584210}.Debug|Any CPU.ActiveCfg = Debug|Any CPU
		{56BA7A01-DC9E-E702-3AE2-175AAE584210}.Debug|Any CPU.Build.0 = Debug|Any CPU
		{56BA7A01-DC9E-E702-3AE2-175AAE584210}.Release|Any CPU.ActiveCfg = Release|Any CPU
		{56BA7A01-DC9E-E702-3AE2-175AAE584210}.Release|Any CPU.Build.0 = Release|Any CPU
		{A52324BC-92DF-D6E7-67B7-A291F4A1A4C6}.Debug|Any CPU.ActiveCfg = Debug|Any CPU
		{A52324BC-92DF-D6E7-67B7-A291F4A1A4C6}.Debug|Any CPU.Build.0 = Debug|Any CPU
		{A52324BC-92DF-D6E7-67B7-A291F4A1A4C6}.Release|Any CPU.ActiveCfg = Release|Any CPU
		{A52324BC-92DF-D6E7-67B7-A291F4A1A4C6}.Release|Any CPU.Build.0 = Release|Any CPU
		{8E132627-8982-5688-BEC6-A4592A927C89}.Debug|Any CPU.ActiveCfg = Debug|Any CPU
		{8E132627-8982-5688-BEC6-A4592A927C89}.Debug|Any CPU.Build.0 = Debug|Any CPU
		{8E132627-8982-5688-BEC6-A4592A927C89}.Release|Any CPU.ActiveCfg = Release|Any CPU
		{8E132627-8982-5688-BEC6-A4592A927C89}.Release|Any CPU.Build.0 = Release|Any CPU
		{577F8652-2366-2AA7-F8FB-F0233835BA0C}.Debug|Any CPU.ActiveCfg = Debug|Any CPU
		{577F8652-2366-2AA7-F8FB-F0233835BA0C}.Debug|Any CPU.Build.0 = Debug|Any CPU
		{577F8652-2366-2AA7-F8FB-F0233835BA0C}.Release|Any CPU.ActiveCfg = Release|Any CPU
		{577F8652-2366-2AA7-F8FB-F0233835BA0C}.Release|Any CPU.Build.0 = Release|Any CPU
		{984B007B-8A53-FF5D-A6BB-FBCF4FBA82F9}.Debug|Any CPU.ActiveCfg = Debug|Any CPU
		{984B007B-8A53-FF5D-A6BB-FBCF4FBA82F9}.Debug|Any CPU.Build.0 = Debug|Any CPU
		{984B007B-8A53-FF5D-A6BB-FBCF4FBA82F9}.Release|Any CPU.ActiveCfg = Release|Any CPU
		{984B007B-8A53-FF5D-A6BB-FBCF4FBA82F9}.Release|Any CPU.Build.0 = Release|Any CPU
		{4E4CE650-9883-4342-1FD6-7530AE94FF01}.Debug|Any CPU.ActiveCfg = Debug|Any CPU
		{4E4CE650-9883-4342-1FD6-7530AE94FF01}.Debug|Any CPU.Build.0 = Debug|Any CPU
		{4E4CE650-9883-4342-1FD6-7530AE94FF01}.Release|Any CPU.ActiveCfg = Release|Any CPU
		{4E4CE650-9883-4342-1FD6-7530AE94FF01}.Release|Any CPU.Build.0 = Release|Any CPU
		{BACB4E85-D121-A946-9029-3069A54E3521}.Debug|Any CPU.ActiveCfg = Debug|Any CPU
		{BACB4E85-D121-A946-9029-3069A54E3521}.Debug|Any CPU.Build.0 = Debug|Any CPU
		{BACB4E85-D121-A946-9029-3069A54E3521}.Release|Any CPU.ActiveCfg = Release|Any CPU
		{BACB4E85-D121-A946-9029-3069A54E3521}.Release|Any CPU.Build.0 = Release|Any CPU
		{3A7DF736-A3D2-3C56-E866-B7CB23F90F04}.Debug|Any CPU.ActiveCfg = Debug|Any CPU
		{3A7DF736-A3D2-3C56-E866-B7CB23F90F04}.Debug|Any CPU.Build.0 = Debug|Any CPU
		{3A7DF736-A3D2-3C56-E866-B7CB23F90F04}.Release|Any CPU.ActiveCfg = Release|Any CPU
		{3A7DF736-A3D2-3C56-E866-B7CB23F90F04}.Release|Any CPU.Build.0 = Release|Any CPU
		{122B3DB4-E4D0-BE48-F814-B54A831D3A5C}.Debug|Any CPU.ActiveCfg = Debug|Any CPU
		{122B3DB4-E4D0-BE48-F814-B54A831D3A5C}.Debug|Any CPU.Build.0 = Debug|Any CPU
		{122B3DB4-E4D0-BE48-F814-B54A831D3A5C}.Release|Any CPU.ActiveCfg = Release|Any CPU
		{122B3DB4-E4D0-BE48-F814-B54A831D3A5C}.Release|Any CPU.Build.0 = Release|Any CPU
		{7BF01CB0-0614-606B-CBA6-A1DC7E534D39}.Debug|Any CPU.ActiveCfg = Debug|Any CPU
		{7BF01CB0-0614-606B-CBA6-A1DC7E534D39}.Debug|Any CPU.Build.0 = Debug|Any CPU
		{7BF01CB0-0614-606B-CBA6-A1DC7E534D39}.Release|Any CPU.ActiveCfg = Release|Any CPU
		{7BF01CB0-0614-606B-CBA6-A1DC7E534D39}.Release|Any CPU.Build.0 = Release|Any CPU
		{39A98AF0-A00A-65DE-9500-0ABDDA1257E8}.Debug|Any CPU.ActiveCfg = Debug|Any CPU
		{39A98AF0-A00A-65DE-9500-0ABDDA1257E8}.Debug|Any CPU.Build.0 = Debug|Any CPU
		{39A98AF0-A00A-65DE-9500-0ABDDA1257E8}.Release|Any CPU.ActiveCfg = Release|Any CPU
		{39A98AF0-A00A-65DE-9500-0ABDDA1257E8}.Release|Any CPU.Build.0 = Release|Any CPU
		{A053C922-C830-755D-8F90-D12CDAE2A396}.Debug|Any CPU.ActiveCfg = Debug|Any CPU
		{A053C922-C830-755D-8F90-D12CDAE2A396}.Debug|Any CPU.Build.0 = Debug|Any CPU
		{A053C922-C830-755D-8F90-D12CDAE2A396}.Release|Any CPU.ActiveCfg = Release|Any CPU
		{A053C922-C830-755D-8F90-D12CDAE2A396}.Release|Any CPU.Build.0 = Release|Any CPU
		{91E302F6-4099-1F93-7C19-E46BA8C044D6}.Debug|Any CPU.ActiveCfg = Debug|Any CPU
		{91E302F6-4099-1F93-7C19-E46BA8C044D6}.Debug|Any CPU.Build.0 = Debug|Any CPU
		{91E302F6-4099-1F93-7C19-E46BA8C044D6}.Release|Any CPU.ActiveCfg = Release|Any CPU
		{91E302F6-4099-1F93-7C19-E46BA8C044D6}.Release|Any CPU.Build.0 = Release|Any CPU
		{D189FE6D-6A5F-4349-56B9-B3DE46D455BD}.Debug|Any CPU.ActiveCfg = Debug|Any CPU
		{D189FE6D-6A5F-4349-56B9-B3DE46D455BD}.Debug|Any CPU.Build.0 = Debug|Any CPU
		{D189FE6D-6A5F-4349-56B9-B3DE46D455BD}.Release|Any CPU.ActiveCfg = Release|Any CPU
		{D189FE6D-6A5F-4349-56B9-B3DE46D455BD}.Release|Any CPU.Build.0 = Release|Any CPU
		{31AC1F6E-8521-4107-7310-8C9C96E0F47D}.Debug|Any CPU.ActiveCfg = Debug|Any CPU
		{31AC1F6E-8521-4107-7310-8C9C96E0F47D}.Debug|Any CPU.Build.0 = Debug|Any CPU
		{31AC1F6E-8521-4107-7310-8C9C96E0F47D}.Release|Any CPU.ActiveCfg = Release|Any CPU
		{31AC1F6E-8521-4107-7310-8C9C96E0F47D}.Release|Any CPU.Build.0 = Release|Any CPU
		{39D3DEDF-A4EC-18DC-DC77-5AB6D6054A64}.Debug|Any CPU.ActiveCfg = Debug|Any CPU
		{39D3DEDF-A4EC-18DC-DC77-5AB6D6054A64}.Debug|Any CPU.Build.0 = Debug|Any CPU
		{39D3DEDF-A4EC-18DC-DC77-5AB6D6054A64}.Release|Any CPU.ActiveCfg = Release|Any CPU
		{39D3DEDF-A4EC-18DC-DC77-5AB6D6054A64}.Release|Any CPU.Build.0 = Release|Any CPU
	EndGlobalSection
	GlobalSection(SolutionProperties) = preSolution
		HideSolutionNode = FALSE
	EndGlobalSection
EndGlobal
